
Microsoft Visual Studio Solution File, Format Version 12.00
# Visual Studio Version 17
VisualStudioVersion = 17.14.37111.16 d17.14
MinimumVisualStudioVersion = 10.0.40219.1
Project("{FAE04EC0-301F-11D3-BF4B-00C04F79EFBC}") = "EmployeeManagement.API", "EmployeeManagement.API.csproj", "{775AB40D-71E1-48C1-BBB9-1C4EE6659E81}"
EndProject
Global
	GlobalSection(SolutionConfigurationPlatforms) = preSolution
		Debug|Any CPU = Debug|Any CPU
		Release|Any CPU = Release|Any CPU
	EndGlobalSection
	GlobalSection(ProjectConfigurationPlatforms) = postSolution
		{775AB40D-71E1-48C1-BBB9-1C4EE6659E81}.Debug|Any CPU.ActiveCfg = Debug|Any CPU
		{775AB40D-71E1-48C1-BBB9-1C4EE6659E81}.Debug|Any CPU.Build.0 = Debug|Any CPU
		{775AB40D-71E1-48C1-BBB9-1C4EE6659E81}.Release|Any CPU.ActiveCfg = Release|Any CPU
		{775AB40D-71E1-48C1-BBB9-1C4EE6659E81}.Release|Any CPU.Build.0 = Release|Any CPU
	EndGlobalSection
	GlobalSection(SolutionProperties) = preSolution
		HideSolutionNode = FALSE
	EndGlobalSection
	GlobalSection(ExtensibilityGlobals) = postSolution
		SolutionGuid = {19E32F56-E495-4BAA-B5C1-8C14F36F9C6F}
	EndGlobalSection
EndGlobal
